
Microsoft Visual Studio Solution File, Format Version 12.00
# Visual Studio Version 16
VisualStudioVersion = 16.0.29020.237
MinimumVisualStudioVersion = 10.0.40219.1
Project("{FAE04EC0-301F-11D3-BF4B-00C04F79EFBC}") = "ModulationSimulator", "ModulationSimulator\ModulationSimulator.csproj", "{14595F1B-43B3-4983-AAF7-E379D760EE59}"
EndProject
Project("{FAE04EC0-301F-11D3-BF4B-00C04F79EFBC}") = "DrawChart", "DrawChart\DrawChart.csproj", "{B961AAC6-702E-4ED4-B21D-6413992F2B0F}"
EndProject
Global
	GlobalSection(SolutionConfigurationPlatforms) = preSolution
		Debug|Any CPU = Debug|Any CPU
		Release|Any CPU = Release|Any CPU
	EndGlobalSection
	GlobalSection(ProjectConfigurationPlatforms) = postSolution
		{14595F1B-43B3-4983-AAF7-E379D760EE59}.Debug|Any CPU.ActiveCfg = Debug|Any CPU
		{14595F1B-43B3-4983-AAF7-E379D760EE59}.Debug|Any CPU.Build.0 = Debug|Any CPU
		{14595F1B-43B3-4983-AAF7-E379D760EE59}.Release|Any CPU.ActiveCfg = Release|Any CPU
		{14595F1B-43B3-4983-AAF7-E379D760EE59}.Release|Any CPU.Build.0 = Release|Any CPU
		{B961AAC6-702E-4ED4-B21D-6413992F2B0F}.Debug|Any CPU.ActiveCfg = Debug|Any CPU
		{B961AAC6-702E-4ED4-B21D-6413992F2B0F}.Debug|Any CPU.Build.0 = Debug|Any CPU
		{B961AAC6-702E-4ED4-B21D-6413992F2B0F}.Release|Any CPU.ActiveCfg = Release|Any CPU
		{B961AAC6-702E-4ED4-B21D-6413992F2B0F}.Release|Any CPU.Build.0 = Release|Any CPU
	EndGlobalSection
	GlobalSection(SolutionProperties) = preSolution
		HideSolutionNode = FALSE
	EndGlobalSection
	GlobalSection(ExtensibilityGlobals) = postSolution
		SolutionGuid = {A91FFCF5-0983-4DFF-A79E-D721AFD3FFC4}
	EndGlobalSection
EndGlobal
